// !$*UTF8*$!
{
	archiveVersion = 1;
	classes = {
	};
	objectVersion = 50;
	objects = {

/* Begin PBXBuildFile section */
		630BEDFF2519244400E13FC8 /* ViewModel.swift in Sources */ = {isa = PBXBuildFile; fileRef = 630BEDFE2519244400E13FC8 /* ViewModel.swift */; };
		630BEE03251A094500E13FC8 /* TableViewCellViewModelType.swift in Sources */ = {isa = PBXBuildFile; fileRef = 630BEE02251A094500E13FC8 /* TableViewCellViewModelType.swift */; };
		630BEE06251A0B1400E13FC8 /* TableViewCellViewModel.swift in Sources */ = {isa = PBXBuildFile; fileRef = 630BEE05251A0B1400E13FC8 /* TableViewCellViewModel.swift */; };
		63C5AD04258DFD64007F64F7 /* WorkWithString.swift in Sources */ = {isa = PBXBuildFile; fileRef = 63C5AD03258DFD64007F64F7 /* WorkWithString.swift */; };
		63CEBA7224F6759600882B38 /* DataFetcherService .swift in Sources */ = {isa = PBXBuildFile; fileRef = 63CEBA7124F6759600882B38 /* DataFetcherService .swift */; };
		A8A6BC9F230D8CE40079433E /* MainViewController.swift in Sources */ = {isa = PBXBuildFile; fileRef = A8A6BC9E230D8CE40079433E /* MainViewController.swift */; };
		A8A6BCA1230D8CFE0079433E /* TableViewCell.swift in Sources */ = {isa = PBXBuildFile; fileRef = A8A6BCA0230D8CFE0079433E /* TableViewCell.swift */; };
		A8A6BCA5230DC6CB0079433E /* Currency.swift in Sources */ = {isa = PBXBuildFile; fileRef = A8A6BCA4230DC6CB0079433E /* Currency.swift */; };
		A8FB4A0A216208E300026A1A /* AppDelegate.swift in Sources */ = {isa = PBXBuildFile; fileRef = A8FB4A09216208E300026A1A /* AppDelegate.swift */; };
		A8FB4A0F216208E300026A1A /* Main.storyboard in Resources */ = {isa = PBXBuildFile; fileRef = A8FB4A0D216208E300026A1A /* Main.storyboard */; };
		A8FB4A11216208E400026A1A /* Assets.xcassets in Resources */ = {isa = PBXBuildFile; fileRef = A8FB4A10216208E400026A1A /* Assets.xcassets */; };
		A8FB4A14216208E400026A1A /* LaunchScreen.storyboard in Resources */ = {isa = PBXBuildFile; fileRef = A8FB4A12216208E400026A1A /* LaunchScreen.storyboard */; };
/* End PBXBuildFile section */

/* Begin PBXFileReference section */
		630BEDFE2519244400E13FC8 /* ViewModel.swift */ = {isa = PBXFileReference; lastKnownFileType = sourcecode.swift; path = ViewModel.swift; sourceTree = "<group>"; };
		630BEE02251A094500E13FC8 /* TableViewCellViewModelType.swift */ = {isa = PBXFileReference; lastKnownFileType = sourcecode.swift; path = TableViewCellViewModelType.swift; sourceTree = "<group>"; };
		630BEE05251A0B1400E13FC8 /* TableViewCellViewModel.swift */ = {isa = PBXFileReference; lastKnownFileType = sourcecode.swift; path = TableViewCellViewModel.swift; sourceTree = "<group>"; };
		63C5AD03258DFD64007F64F7 /* WorkWithString.swift */ = {isa = PBXFileReference; lastKnownFileType = sourcecode.swift; path = WorkWithString.swift; sourceTree = "<group>"; };
		63CEBA7124F6759600882B38 /* DataFetcherService .swift */ = {isa = PBXFileReference; lastKnownFileType = sourcecode.swift; path = "DataFetcherService .swift"; sourceTree = "<group>"; };
		A8A6BC9E230D8CE40079433E /* MainViewController.swift */ = {isa = PBXFileReference; lastKnownFileType = sourcecode.swift; path = MainViewController.swift; sourceTree = "<group>"; };
		A8A6BCA0230D8CFE0079433E /* TableViewCell.swift */ = {isa = PBXFileReference; lastKnownFileType = sourcecode.swift; path = TableViewCell.swift; sourceTree = "<group>"; };
		A8A6BCA4230DC6CB0079433E /* Currency.swift */ = {isa = PBXFileReference; lastKnownFileType = sourcecode.swift; path = Currency.swift; sourceTree = "<group>"; };
		A8FB4A06216208E300026A1A /* Курсы валют.app */ = {isa = PBXFileReference; explicitFileType = wrapper.application; includeInIndex = 0; path = "Курсы валют.app"; sourceTree = BUILT_PRODUCTS_DIR; };
		A8FB4A09216208E300026A1A /* AppDelegate.swift */ = {isa = PBXFileReference; lastKnownFileType = sourcecode.swift; path = AppDelegate.swift; sourceTree = "<group>"; };
		A8FB4A0E216208E300026A1A /* Base */ = {isa = PBXFileReference; lastKnownFileType = file.storyboard; name = Base; path = Base.lproj/Main.storyboard; sourceTree = "<group>"; };
		A8FB4A10216208E400026A1A /* Assets.xcassets */ = {isa = PBXFileReference; lastKnownFileType = folder.assetcatalog; path = Assets.xcassets; sourceTree = "<group>"; };
		A8FB4A13216208E400026A1A /* Base */ = {isa = PBXFileReference; lastKnownFileType = file.storyboard; name = Base; path = Base.lproj/LaunchScreen.storyboard; sourceTree = "<group>"; };
		A8FB4A15216208E400026A1A /* Info.plist */ = {isa = PBXFileReference; lastKnownFileType = text.plist.xml; path = Info.plist; sourceTree = "<group>"; };
/* End PBXFileReference section */

/* Begin PBXFrameworksBuildPhase section */
		A8FB4A03216208E300026A1A /* Frameworks */ = {
			isa = PBXFrameworksBuildPhase;
			buildActionMask = 2147483647;
			files = (
			);
			runOnlyForDeploymentPostprocessing = 0;
		};
/* End PBXFrameworksBuildPhase section */

/* Begin PBXGroup section */
		630BEE04251A094900E13FC8 /* Protocols */ = {
			isa = PBXGroup;
			children = (
				630BEE02251A094500E13FC8 /* TableViewCellViewModelType.swift */,
			);
			path = Protocols;
			sourceTree = "<group>";
		};
		63C5AD05258E041F007F64F7 /* Helpers */ = {
			isa = PBXGroup;
			children = (
				63C5AD03258DFD64007F64F7 /* WorkWithString.swift */,
			);
			path = Helpers;
			sourceTree = "<group>";
		};
		63CEBA6C24F6743600882B38 /* Model */ = {
			isa = PBXGroup;
			children = (
				630BEDFE2519244400E13FC8 /* ViewModel.swift */,
				630BEE05251A0B1400E13FC8 /* TableViewCellViewModel.swift */,
				A8A6BCA4230DC6CB0079433E /* Currency.swift */,
			);
			path = Model;
			sourceTree = "<group>";
		};
		63CEBA6D24F6744300882B38 /* UIBuilders */ = {
			isa = PBXGroup;
			children = (
				A8FB4A0D216208E300026A1A /* Main.storyboard */,
				A8FB4A12216208E400026A1A /* LaunchScreen.storyboard */,
			);
			path = UIBuilders;
			sourceTree = "<group>";
		};
		63CEBA6E24F6745100882B38 /* SupportFiles */ = {
			isa = PBXGroup;
			children = (
				A8FB4A10216208E400026A1A /* Assets.xcassets */,
				A8FB4A09216208E300026A1A /* AppDelegate.swift */,
				A8FB4A15216208E400026A1A /* Info.plist */,
			);
			path = SupportFiles;
			sourceTree = "<group>";
		};
		63CEBA6F24F6747000882B38 /* ViewControllers */ = {
			isa = PBXGroup;
			children = (
				A8A6BC9E230D8CE40079433E /* MainViewController.swift */,
				A8A6BCA0230D8CFE0079433E /* TableViewCell.swift */,
			);
			path = ViewControllers;
			sourceTree = "<group>";
		};
		63CEBA7024F6757800882B38 /* ParserManager */ = {
			isa = PBXGroup;
			children = (
				63CEBA7124F6759600882B38 /* DataFetcherService .swift */,
			);
			path = ParserManager;
			sourceTree = "<group>";
		};
		A8FB49FD216208E300026A1A = {
			isa = PBXGroup;
			children = (
				A8FB4A08216208E300026A1A /* Networking */,
				A8FB4A07216208E300026A1A /* Products */,
			);
			sourceTree = "<group>";
		};
		A8FB4A07216208E300026A1A /* Products */ = {
			isa = PBXGroup;
			children = (
				A8FB4A06216208E300026A1A /* Курсы валют.app */,
			);
			name = Products;
			sourceTree = "<group>";
		};
		A8FB4A08216208E300026A1A /* Networking */ = {
			isa = PBXGroup;
			children = (
				63CEBA6F24F6747000882B38 /* ViewControllers */,
				63CEBA6C24F6743600882B38 /* Model */,
				630BEE04251A094900E13FC8 /* Protocols */,
				63CEBA7024F6757800882B38 /* ParserManager */,
				63CEBA6D24F6744300882B38 /* UIBuilders */,
				63CEBA6E24F6745100882B38 /* SupportFiles */,
				63C5AD05258E041F007F64F7 /* Helpers */,
			);
			path = Networking;
			sourceTree = "<group>";
		};
/* End PBXGroup section */

/* Begin PBXNativeTarget section */
		A8FB4A05216208E300026A1A /* Networking */ = {
			isa = PBXNativeTarget;
			buildConfigurationList = A8FB4A18216208E400026A1A /* Build configuration list for PBXNativeTarget "Networking" */;
			buildPhases = (
				A8FB4A02216208E300026A1A /* Sources */,
				A8FB4A03216208E300026A1A /* Frameworks */,
				A8FB4A04216208E300026A1A /* Resources */,
			);
			buildRules = (
			);
			dependencies = (
			);
			name = Networking;
			productName = Networking;
			productReference = A8FB4A06216208E300026A1A /* Курсы валют.app */;
			productType = "com.apple.product-type.application";
		};
/* End PBXNativeTarget section */

/* Begin PBXProject section */
		A8FB49FE216208E300026A1A /* Project object */ = {
			isa = PBXProject;
			attributes = {
				LastSwiftUpdateCheck = 1000;
				LastUpgradeCheck = 1000;
				ORGANIZATIONNAME = "Туйаара Оконешникова";
				TargetAttributes = {
					A8FB4A05216208E300026A1A = {
						CreatedOnToolsVersion = 10.0;
						LastSwiftMigration = 1020;
					};
				};
			};
			buildConfigurationList = A8FB4A01216208E300026A1A /* Build configuration list for PBXProject "Курсы валют" */;
			compatibilityVersion = "Xcode 9.3";
			developmentRegion = en;
			hasScannedForEncodings = 0;
			knownRegions = (
				en,
				Base,
			);
			mainGroup = A8FB49FD216208E300026A1A;
			productRefGroup = A8FB4A07216208E300026A1A /* Products */;
			projectDirPath = "";
			projectRoot = "";
			targets = (
				A8FB4A05216208E300026A1A /* Networking */,
			);
		};
/* End PBXProject section */

/* Begin PBXResourcesBuildPhase section */
		A8FB4A04216208E300026A1A /* Resources */ = {
			isa = PBXResourcesBuildPhase;
			buildActionMask = 2147483647;
			files = (
				A8FB4A14216208E400026A1A /* LaunchScreen.storyboard in Resources */,
				A8FB4A11216208E400026A1A /* Assets.xcassets in Resources */,
				A8FB4A0F216208E300026A1A /* Main.storyboard in Resources */,
			);
			runOnlyForDeploymentPostprocessing = 0;
		};
/* End PBXResourcesBuildPhase section */

/* Begin PBXSourcesBuildPhase section */
		A8FB4A02216208E300026A1A /* Sources */ = {
			isa = PBXSourcesBuildPhase;
			buildActionMask = 2147483647;
			files = (
				630BEE03251A094500E13FC8 /* TableViewCellViewModelType.swift in Sources */,
				A8A6BCA1230D8CFE0079433E /* TableViewCell.swift in Sources */,
				63CEBA7224F6759600882B38 /* DataFetcherService .swift in Sources */,
				A8A6BCA5230DC6CB0079433E /* Currency.swift in Sources */,
				63C5AD04258DFD64007F64F7 /* WorkWithString.swift in Sources */,
				A8A6BC9F230D8CE40079433E /* MainViewController.swift in Sources */,
				630BEDFF2519244400E13FC8 /* ViewModel.swift in Sources */,
				630BEE06251A0B1400E13FC8 /* TableViewCellViewModel.swift in Sources */,
				A8FB4A0A216208E300026A1A /* AppDelegate.swift in Sources */,
			);
			runOnlyForDeploymentPostprocessing = 0;
		};
/* End PBXSourcesBuildPhase section */

/* Begin PBXVariantGroup section */
		A8FB4A0D216208E300026A1A /* Main.storyboard */ = {
			isa = PBXVariantGroup;
			children = (
				A8FB4A0E216208E300026A1A /* Base */,
			);
			name = Main.storyboard;
			sourceTree = "<group>";
		};
		A8FB4A12216208E400026A1A /* LaunchScreen.storyboard */ = {
			isa = PBXVariantGroup;
			children = (
				A8FB4A13216208E400026A1A /* Base */,
			);
			name = LaunchScreen.storyboard;
			sourceTree = "<group>";
		};
/* End PBXVariantGroup section */

/* Begin XCBuildConfiguration section */
		A8FB4A16216208E400026A1A /* Debug */ = {
			isa = XCBuildConfiguration;
			buildSettings = {
				ALWAYS_SEARCH_USER_PATHS = NO;
				CLANG_ANALYZER_NONNULL = YES;
				CLANG_ANALYZER_NUMBER_OBJECT_CONVERSION = YES_AGGRESSIVE;
				CLANG_CXX_LANGUAGE_STANDARD = "gnu++14";
				CLANG_CXX_LIBRARY = "libc++";
				CLANG_ENABLE_MODULES = YES;
				CLANG_ENABLE_OBJC_ARC = YES;
				CLANG_ENABLE_OBJC_WEAK = YES;
				CLANG_WARN_BLOCK_CAPTURE_AUTORELEASING = YES;
				CLANG_WARN_BOOL_CONVERSION = YES;
				CLANG_WARN_COMMA = YES;
				CLANG_WARN_CONSTANT_CONVERSION = YES;
				CLANG_WARN_DEPRECATED_OBJC_IMPLEMENTATIONS = YES;
				CLANG_WARN_DIRECT_OBJC_ISA_USAGE = YES_ERROR;
				CLANG_WARN_DOCUMENTATION_COMMENTS = YES;
				CLANG_WARN_EMPTY_BODY = YES;
				CLANG_WARN_ENUM_CONVERSION = YES;
				CLANG_WARN_INFINITE_RECURSION = YES;
				CLANG_WARN_INT_CONVERSION = YES;
				CLANG_WARN_NON_LITERAL_NULL_CONVERSION = YES;
				CLANG_WARN_OBJC_IMPLICIT_RETAIN_SELF = YES;
				CLANG_WARN_OBJC_LITERAL_CONVERSION = YES;
				CLANG_WARN_OBJC_ROOT_CLASS = YES_ERROR;
				CLANG_WARN_RANGE_LOOP_ANALYSIS = YES;
				CLANG_WARN_STRICT_PROTOTYPES = YES;
				CLANG_WARN_SUSPICIOUS_MOVE = YES;
				CLANG_WARN_UNGUARDED_AVAILABILITY = YES_AGGRESSIVE;
				CLANG_WARN_UNREACHABLE_CODE = YES;
				CLANG_WARN__DUPLICATE_METHOD_MATCH = YES;
				CODE_SIGN_IDENTITY = "iPhone Developer";
				COPY_PHASE_STRIP = NO;
				DEBUG_INFORMATION_FORMAT = dwarf;
				ENABLE_STRICT_OBJC_MSGSEND = YES;
				ENABLE_TESTABILITY = YES;
				GCC_C_LANGUAGE_STANDARD = gnu11;
				GCC_DYNAMIC_NO_PIC = NO;
				GCC_NO_COMMON_BLOCKS = YES;
				GCC_OPTIMIZATION_LEVEL = 0;
				GCC_PREPROCESSOR_DEFINITIONS = (
					"DEBUG=1",
					"$(inherited)",
				);
				GCC_WARN_64_TO_32_BIT_CONVERSION = YES;
				GCC_WARN_ABOUT_RETURN_TYPE = YES_ERROR;
				GCC_WARN_UNDECLARED_SELECTOR = YES;
				GCC_WARN_UNINITIALIZED_AUTOS = YES_AGGRESSIVE;
				GCC_WARN_UNUSED_FUNCTION = YES;
				GCC_WARN_UNUSED_VARIABLE = YES;
				IPHONEOS_DEPLOYMENT_TARGET = 12.0;
				MTL_ENABLE_DEBUG_INFO = INCLUDE_SOURCE;
				MTL_FAST_MATH = YES;
				ONLY_ACTIVE_ARCH = YES;
				SDKROOT = iphoneos;
				SWIFT_ACTIVE_COMPILATION_CONDITIONS = DEBUG;
				SWIFT_OPTIMIZATION_LEVEL = "-Onone";
			};
			name = Debug;
		};
		A8FB4A17216208E400026A1A /* Release */ = {
			isa = XCBuildConfiguration;
			buildSettings = {
				ALWAYS_SEARCH_USER_PATHS = NO;
				CLANG_ANALYZER_NONNULL = YES;
				CLANG_ANALYZER_NUMBER_OBJECT_CONVERSION = YES_AGGRESSIVE;
				CLANG_CXX_LANGUAGE_STANDARD = "gnu++14";
				CLANG_CXX_LIBRARY = "libc++";
				CLANG_ENABLE_MODULES = YES;
				CLANG_ENABLE_OBJC_ARC = YES;
				CLANG_ENABLE_OBJC_WEAK = YES;
				CLANG_WARN_BLOCK_CAPTURE_AUTORELEASING = YES;
				CLANG_WARN_BOOL_CONVERSION = YES;
				CLANG_WARN_COMMA = YES;
				CLANG_WARN_CONSTANT_CONVERSION = YES;
				CLANG_WARN_DEPRECATED_OBJC_IMPLEMENTATIONS = YES;
				CLANG_WARN_DIRECT_OBJC_ISA_USAGE = YES_ERROR;
				CLANG_WARN_DOCUMENTATION_COMMENTS = YES;
				CLANG_WARN_EMPTY_BODY = YES;
				CLANG_WARN_ENUM_CONVERSION = YES;
				CLANG_WARN_INFINITE_RECURSION = YES;
				CLANG_WARN_INT_CONVERSION = YES;
				CLANG_WARN_NON_LITERAL_NULL_CONVERSION = YES;
				CLANG_WARN_OBJC_IMPLICIT_RETAIN_SELF = YES;
				CLANG_WARN_OBJC_LITERAL_CONVERSION = YES;
				CLANG_WARN_OBJC_ROOT_CLASS = YES_ERROR;
				CLANG_WARN_RANGE_LOOP_ANALYSIS = YES;
				CLANG_WARN_STRICT_PROTOTYPES = YES;
				CLANG_WARN_SUSPICIOUS_MOVE = YES;
				CLANG_WARN_UNGUARDED_AVAILABILITY = YES_AGGRESSIVE;
				CLANG_WARN_UNREACHABLE_CODE = YES;
				CLANG_WARN__DUPLICATE_METHOD_MATCH = YES;
				CODE_SIGN_IDENTITY = "iPhone Developer";
				COPY_PHASE_STRIP = NO;
				DEBUG_INFORMATION_FORMAT = "dwarf-with-dsym";
				ENABLE_NS_ASSERTIONS = NO;
				ENABLE_STRICT_OBJC_MSGSEND = YES;
				GCC_C_LANGUAGE_STANDARD = gnu11;
				GCC_NO_COMMON_BLOCKS = YES;
				GCC_WARN_64_TO_32_BIT_CONVERSION = YES;
				GCC_WARN_ABOUT_RETURN_TYPE = YES_ERROR;
				GCC_WARN_UNDECLARED_SELECTOR = YES;
				GCC_WARN_UNINITIALIZED_AUTOS = YES_AGGRESSIVE;
				GCC_WARN_UNUSED_FUNCTION = YES;
				GCC_WARN_UNUSED_VARIABLE = YES;
				IPHONEOS_DEPLOYMENT_TARGET = 12.0;
				MTL_ENABLE_DEBUG_INFO = NO;
				MTL_FAST_MATH = YES;
				SDKROOT = iphoneos;
				SWIFT_COMPILATION_MODE = wholemodule;
				SWIFT_OPTIMIZATION_LEVEL = "-O";
				VALIDATE_PRODUCT = YES;
			};
			name = Release;
		};
		A8FB4A19216208E400026A1A /* Debug */ = {
			isa = XCBuildConfiguration;
			buildSettings = {
				ASSETCATALOG_COMPILER_APPICON_NAME = AppIcon;
				CODE_SIGN_STYLE = Automatic;
				DEVELOPMENT_TEAM = 4825WAP7SS;
				INFOPLIST_FILE = Networking/SupportFiles/Info.plist;
				IPHONEOS_DEPLOYMENT_TARGET = 13.2;
				LD_RUNPATH_SEARCH_PATHS = (
					"$(inherited)",
					"@executable_path/Frameworks",
				);
				PRODUCT_BUNDLE_IDENTIFIER = Valutes;
				PRODUCT_NAME = "Курсы валют";
				SWIFT_VERSION = 5.0;
				TARGETED_DEVICE_FAMILY = "1,2";
			};
			name = Debug;
		};
		A8FB4A1A216208E400026A1A /* Release */ = {
			isa = XCBuildConfiguration;
			buildSettings = {
				ASSETCATALOG_COMPILER_APPICON_NAME = AppIcon;
				CODE_SIGN_STYLE = Automatic;
				DEVELOPMENT_TEAM = 4825WAP7SS;
				INFOPLIST_FILE = Networking/SupportFiles/Info.plist;
				IPHONEOS_DEPLOYMENT_TARGET = 13.2;
				LD_RUNPATH_SEARCH_PATHS = (
					"$(inherited)",
					"@executable_path/Frameworks",
				);
				PRODUCT_BUNDLE_IDENTIFIER = Valutes;
				PRODUCT_NAME = "Курсы валют";
				SWIFT_VERSION = 5.0;
				TARGETED_DEVICE_FAMILY = "1,2";
			};
			name = Release;
		};
/* End XCBuildConfiguration section */

/* Begin XCConfigurationList section */
		A8FB4A01216208E300026A1A /* Build configuration list for PBXProject "Курсы валют" */ = {
			isa = XCConfigurationList;
			buildConfigurations = (
				A8FB4A16216208E400026A1A /* Debug */,
				A8FB4A17216208E400026A1A /* Release */,
			);
			defaultConfigurationIsVisible = 0;
			defaultConfigurationName = Release;
		};
		A8FB4A18216208E400026A1A /* Build configuration list for PBXNativeTarget "Networking" */ = {
			isa = XCConfigurationList;
			buildConfigurations = (
				A8FB4A19216208E400026A1A /* Debug */,
				A8FB4A1A216208E400026A1A /* Release */,
			);
			defaultConfigurationIsVisible = 0;
			defaultConfigurationName = Release;
		};
/* End XCConfigurationList section */
	};
	rootObject = A8FB49FE216208E300026A1A /* Project object */;
}
